
Microsoft Visual Studio Solution File, Format Version 12.00
# Visual Studio Version 17
VisualStudioVersion = 17.10.34928.147
MinimumVisualStudioVersion = 10.0.40219.1
Project("{FAE04EC0-301F-11D3-BF4B-00C04F79EFBC}") = "OOPsQ&A", "OOPsQ&A\OOPsQ&A.csproj", "{FB487A33-80D4-4C83-ADA1-58828FA4AEC2}"
EndProject
Global
	GlobalSection(SolutionConfigurationPlatforms) = preSolution
		Debug|Any CPU = Debug|Any CPU
		Release|Any CPU = Release|Any CPU
	EndGlobalSection
	GlobalSection(ProjectConfigurationPlatforms) = postSolution
		{FB487A33-80D4-4C83-ADA1-58828FA4AEC2}.Debug|Any CPU.ActiveCfg = Debug|Any CPU
		{FB487A33-80D4-4C83-ADA1-58828FA4AEC2}.Debug|Any CPU.Build.0 = Debug|Any CPU
		{FB487A33-80D4-4C83-ADA1-58828FA4AEC2}.Release|Any CPU.ActiveCfg = Release|Any CPU
		{FB487A33-80D4-4C83-ADA1-58828FA4AEC2}.Release|Any CPU.Build.0 = Release|Any CPU
	EndGlobalSection
	GlobalSection(SolutionProperties) = preSolution
		HideSolutionNode = FALSE
	EndGlobalSection
	GlobalSection(ExtensibilityGlobals) = postSolution
		SolutionGuid = {74CFE1F8-3D46-4AE1-9B3B-800E6E0C9A72}
	EndGlobalSection
EndGlobal
